
Microsoft Visual Studio Solution File, Format Version 12.00
# Visual Studio Version 16
VisualStudioVersion = 25.0.1700.5
MinimumVisualStudioVersion = 10.0.40219.1
Project("{FAE04EC0-301F-11D3-BF4B-00C04F79EFBC}") = "PracticeLinq", "PracticeLinq\PracticeLinq.csproj", "{44B9C375-29BF-4797-8BDE-9B46140C515D}"
EndProject
Global
	GlobalSection(SolutionConfigurationPlatforms) = preSolution
		Debug|Any CPU = Debug|Any CPU
		Release|Any CPU = Release|Any CPU
	EndGlobalSection
	GlobalSection(ProjectConfigurationPlatforms) = postSolution
		{44B9C375-29BF-4797-8BDE-9B46140C515D}.Debug|Any CPU.ActiveCfg = Debug|Any CPU
		{44B9C375-29BF-4797-8BDE-9B46140C515D}.Debug|Any CPU.Build.0 = Debug|Any CPU
		{44B9C375-29BF-4797-8BDE-9B46140C515D}.Release|Any CPU.ActiveCfg = Release|Any CPU
		{44B9C375-29BF-4797-8BDE-9B46140C515D}.Release|Any CPU.Build.0 = Release|Any CPU
	EndGlobalSection
	GlobalSection(SolutionProperties) = preSolution
		HideSolutionNode = FALSE
	EndGlobalSection
	GlobalSection(ExtensibilityGlobals) = postSolution
		SolutionGuid = {0294E714-99F1-4C9C-ADE9-05F01D0BC4F8}
	EndGlobalSection
EndGlobal
